// !$*UTF8*$!
{
	archiveVersion = 1;
	classes = {
	};
	objectVersion = 50;
	objects = {

/* Begin PBXBuildFile section */
		928ECBCF22969DD300845254 /* AppDelegate.swift in Sources */ = {isa = PBXBuildFile; fileRef = 928ECBCE22969DD300845254 /* AppDelegate.swift */; };
		928ECBD422969DD300845254 /* Main.storyboard in Resources */ = {isa = PBXBuildFile; fileRef = 928ECBD222969DD300845254 /* Main.storyboard */; };
		928ECBD622969DD400845254 /* Assets.xcassets in Resources */ = {isa = PBXBuildFile; fileRef = 928ECBD522969DD400845254 /* Assets.xcassets */; };
		928ECBD922969DD400845254 /* LaunchScreen.storyboard in Resources */ = {isa = PBXBuildFile; fileRef = 928ECBD722969DD400845254 /* LaunchScreen.storyboard */; };
		928ECBE52296B6FE00845254 /* ViewController1.swift in Sources */ = {isa = PBXBuildFile; fileRef = 928ECBE42296B6FE00845254 /* ViewController1.swift */; };
		92A4C01A22979953002F6A01 /* ImageCropperViewController.swift in Sources */ = {isa = PBXBuildFile; fileRef = 92A4C01922979953002F6A01 /* ImageCropperViewController.swift */; };
		92A4C01C2297B440002F6A01 /* imageViewExtension.swift in Sources */ = {isa = PBXBuildFile; fileRef = 92A4C01B2297B440002F6A01 /* imageViewExtension.swift */; };
		92A4C01E2297C251002F6A01 /* FAGridView.xib in Resources */ = {isa = PBXBuildFile; fileRef = 92A4C01D2297C251002F6A01 /* FAGridView.xib */; };
		92A4C0202297C263002F6A01 /* FAScrollView.swift in Sources */ = {isa = PBXBuildFile; fileRef = 92A4C01F2297C263002F6A01 /* FAScrollView.swift */; };
/* End PBXBuildFile section */

/* Begin PBXFileReference section */
		928ECBCB22969DD300845254 /* CropPhotoPicker.app */ = {isa = PBXFileReference; explicitFileType = wrapper.application; includeInIndex = 0; path = CropPhotoPicker.app; sourceTree = BUILT_PRODUCTS_DIR; };
		928ECBCE22969DD300845254 /* AppDelegate.swift */ = {isa = PBXFileReference; lastKnownFileType = sourcecode.swift; path = AppDelegate.swift; sourceTree = "<group>"; };
		928ECBD322969DD300845254 /* Base */ = {isa = PBXFileReference; lastKnownFileType = file.storyboard; name = Base; path = Base.lproj/Main.storyboard; sourceTree = "<group>"; };
		928ECBD522969DD400845254 /* Assets.xcassets */ = {isa = PBXFileReference; lastKnownFileType = folder.assetcatalog; path = Assets.xcassets; sourceTree = "<group>"; };
		928ECBD822969DD400845254 /* Base */ = {isa = PBXFileReference; lastKnownFileType = file.storyboard; name = Base; path = Base.lproj/LaunchScreen.storyboard; sourceTree = "<group>"; };
		928ECBDA22969DD400845254 /* Info.plist */ = {isa = PBXFileReference; lastKnownFileType = text.plist.xml; path = Info.plist; sourceTree = "<group>"; };
		928ECBE42296B6FE00845254 /* ViewController1.swift */ = {isa = PBXFileReference; lastKnownFileType = sourcecode.swift; path = ViewController1.swift; sourceTree = "<group>"; };
		92A4C01922979953002F6A01 /* ImageCropperViewController.swift */ = {isa = PBXFileReference; lastKnownFileType = sourcecode.swift; path = ImageCropperViewController.swift; sourceTree = "<group>"; };
		92A4C01B2297B440002F6A01 /* imageViewExtension.swift */ = {isa = PBXFileReference; lastKnownFileType = sourcecode.swift; path = imageViewExtension.swift; sourceTree = "<group>"; };
		92A4C01D2297C251002F6A01 /* FAGridView.xib */ = {isa = PBXFileReference; fileEncoding = 4; lastKnownFileType = file.xib; path = FAGridView.xib; sourceTree = "<group>"; };
		92A4C01F2297C263002F6A01 /* FAScrollView.swift */ = {isa = PBXFileReference; fileEncoding = 4; lastKnownFileType = sourcecode.swift; path = FAScrollView.swift; sourceTree = "<group>"; };
/* End PBXFileReference section */

/* Begin PBXFrameworksBuildPhase section */
		928ECBC822969DD300845254 /* Frameworks */ = {
			isa = PBXFrameworksBuildPhase;
			buildActionMask = 2147483647;
			files = (
			);
			runOnlyForDeploymentPostprocessing = 0;
		};
/* End PBXFrameworksBuildPhase section */

/* Begin PBXGroup section */
		928ECBC222969DD300845254 = {
			isa = PBXGroup;
			children = (
				928ECBCD22969DD300845254 /* CropPhotoPicker */,
				928ECBCC22969DD300845254 /* Products */,
			);
			sourceTree = "<group>";
		};
		928ECBCC22969DD300845254 /* Products */ = {
			isa = PBXGroup;
			children = (
				928ECBCB22969DD300845254 /* CropPhotoPicker.app */,
			);
			name = Products;
			sourceTree = "<group>";
		};
		928ECBCD22969DD300845254 /* CropPhotoPicker */ = {
			isa = PBXGroup;
			children = (
				928ECBCE22969DD300845254 /* AppDelegate.swift */,
				92A4C01922979953002F6A01 /* ImageCropperViewController.swift */,
				92A4C01B2297B440002F6A01 /* imageViewExtension.swift */,
				928ECBE42296B6FE00845254 /* ViewController1.swift */,
				92A4C0212297C2A4002F6A01 /* ImagePicker */,
				928ECBD222969DD300845254 /* Main.storyboard */,
				928ECBD522969DD400845254 /* Assets.xcassets */,
				928ECBD722969DD400845254 /* LaunchScreen.storyboard */,
				928ECBDA22969DD400845254 /* Info.plist */,
			);
			path = CropPhotoPicker;
			sourceTree = "<group>";
		};
		92A4C0212297C2A4002F6A01 /* ImagePicker */ = {
			isa = PBXGroup;
			children = (
				92A4C01F2297C263002F6A01 /* FAScrollView.swift */,
				92A4C01D2297C251002F6A01 /* FAGridView.xib */,
			);
			path = ImagePicker;
			sourceTree = "<group>";
		};
/* End PBXGroup section */

/* Begin PBXNativeTarget section */
		928ECBCA22969DD300845254 /* CropPhotoPicker */ = {
			isa = PBXNativeTarget;
			buildConfigurationList = 928ECBDD22969DD400845254 /* Build configuration list for PBXNativeTarget "CropPhotoPicker" */;
			buildPhases = (
				928ECBC722969DD300845254 /* Sources */,
				928ECBC822969DD300845254 /* Frameworks */,
				928ECBC922969DD300845254 /* Resources */,
			);
			buildRules = (
			);
			dependencies = (
			);
			name = CropPhotoPicker;
			productName = CropPhotoPicker;
			productReference = 928ECBCB22969DD300845254 /* CropPhotoPicker.app */;
			productType = "com.apple.product-type.application";
		};
/* End PBXNativeTarget section */

/* Begin PBXProject section */
		928ECBC322969DD300845254 /* Project object */ = {
			isa = PBXProject;
			attributes = {
				LastSwiftUpdateCheck = 1010;
				LastUpgradeCheck = 1010;
				ORGANIZATIONNAME = fss;
				TargetAttributes = {
					928ECBCA22969DD300845254 = {
						CreatedOnToolsVersion = 10.1;
					};
				};
			};
			buildConfigurationList = 928ECBC622969DD300845254 /* Build configuration list for PBXProject "CropPhotoPicker" */;
			compatibilityVersion = "Xcode 9.3";
			developmentRegion = en;
			hasScannedForEncodings = 0;
			knownRegions = (
				en,
				Base,
			);
			mainGroup = 928ECBC222969DD300845254;
			productRefGroup = 928ECBCC22969DD300845254 /* Products */;
			projectDirPath = "";
			projectRoot = "";
			targets = (
				928ECBCA22969DD300845254 /* CropPhotoPicker */,
			);
		};
/* End PBXProject section */

/* Begin PBXResourcesBuildPhase section */
		928ECBC922969DD300845254 /* Resources */ = {
			isa = PBXResourcesBuildPhase;
			buildActionMask = 2147483647;
			files = (
				928ECBD922969DD400845254 /* LaunchScreen.storyboard in Resources */,
				928ECBD622969DD400845254 /* Assets.xcassets in Resources */,
				928ECBD422969DD300845254 /* Main.storyboard in Resources */,
				92A4C01E2297C251002F6A01 /* FAGridView.xib in Resources */,
			);
			runOnlyForDeploymentPostprocessing = 0;
		};
/* End PBXResourcesBuildPhase section */

/* Begin PBXSourcesBuildPhase section */
		928ECBC722969DD300845254 /* Sources */ = {
			isa = PBXSourcesBuildPhase;
			buildActionMask = 2147483647;
			files = (
				92A4C0202297C263002F6A01 /* FAScrollView.swift in Sources */,
				92A4C01C2297B440002F6A01 /* imageViewExtension.swift in Sources */,
				92A4C01A22979953002F6A01 /* ImageCropperViewController.swift in Sources */,
				928ECBE52296B6FE00845254 /* ViewController1.swift in Sources */,
				928ECBCF22969DD300845254 /* AppDelegate.swift in Sources */,
			);
			runOnlyForDeploymentPostprocessing = 0;
		};
/* End PBXSourcesBuildPhase section */

/* Begin PBXVariantGroup section */
		928ECBD222969DD300845254 /* Main.storyboard */ = {
			isa = PBXVariantGroup;
			children = (
				928ECBD322969DD300845254 /* Base */,
			);
			name = Main.storyboard;
			sourceTree = "<group>";
		};
		928ECBD722969DD400845254 /* LaunchScreen.storyboard */ = {
			isa = PBXVariantGroup;
			children = (
				928ECBD822969DD400845254 /* Base */,
			);
			name = LaunchScreen.storyboard;
			sourceTree = "<group>";
		};
/* End PBXVariantGroup section */

/* Begin XCBuildConfiguration section */
		928ECBDB22969DD400845254 /* Debug */ = {
			isa = XCBuildConfiguration;
			buildSettings = {
				ALWAYS_SEARCH_USER_PATHS = NO;
				CLANG_ANALYZER_NONNULL = YES;
				CLANG_ANALYZER_NUMBER_OBJECT_CONVERSION = YES_AGGRESSIVE;
				CLANG_CXX_LANGUAGE_STANDARD = "gnu++14";
				CLANG_CXX_LIBRARY = "libc++";
				CLANG_ENABLE_MODULES = YES;
				CLANG_ENABLE_OBJC_ARC = YES;
				CLANG_ENABLE_OBJC_WEAK = YES;
				CLANG_WARN_BLOCK_CAPTURE_AUTORELEASING = YES;
				CLANG_WARN_BOOL_CONVERSION = YES;
				CLANG_WARN_COMMA = YES;
				CLANG_WARN_CONSTANT_CONVERSION = YES;
				CLANG_WARN_DEPRECATED_OBJC_IMPLEMENTATIONS = YES;
				CLANG_WARN_DIRECT_OBJC_ISA_USAGE = YES_ERROR;
				CLANG_WARN_DOCUMENTATION_COMMENTS = YES;
				CLANG_WARN_EMPTY_BODY = YES;
				CLANG_WARN_ENUM_CONVERSION = YES;
				CLANG_WARN_INFINITE_RECURSION = YES;
				CLANG_WARN_INT_CONVERSION = YES;
				CLANG_WARN_NON_LITERAL_NULL_CONVERSION = YES;
				CLANG_WARN_OBJC_IMPLICIT_RETAIN_SELF = YES;
				CLANG_WARN_OBJC_LITERAL_CONVERSION = YES;
				CLANG_WARN_OBJC_ROOT_CLASS = YES_ERROR;
				CLANG_WARN_RANGE_LOOP_ANALYSIS = YES;
				CLANG_WARN_STRICT_PROTOTYPES = YES;
				CLANG_WARN_SUSPICIOUS_MOVE = YES;
				CLANG_WARN_UNGUARDED_AVAILABILITY = YES_AGGRESSIVE;
				CLANG_WARN_UNREACHABLE_CODE = YES;
				CLANG_WARN__DUPLICATE_METHOD_MATCH = YES;
				CODE_SIGN_IDENTITY = "iPhone Developer";
				COPY_PHASE_STRIP = NO;
				DEBUG_INFORMATION_FORMAT = dwarf;
				ENABLE_STRICT_OBJC_MSGSEND = YES;
				ENABLE_TESTABILITY = YES;
				GCC_C_LANGUAGE_STANDARD = gnu11;
				GCC_DYNAMIC_NO_PIC = NO;
				GCC_NO_COMMON_BLOCKS = YES;
				GCC_OPTIMIZATION_LEVEL = 0;
				GCC_PREPROCESSOR_DEFINITIONS = (
					"DEBUG=1",
					"$(inherited)",
				);
				GCC_WARN_64_TO_32_BIT_CONVERSION = YES;
				GCC_WARN_ABOUT_RETURN_TYPE = YES_ERROR;
				GCC_WARN_UNDECLARED_SELECTOR = YES;
				GCC_WARN_UNINITIALIZED_AUTOS = YES_AGGRESSIVE;
				GCC_WARN_UNUSED_FUNCTION = YES;
				GCC_WARN_UNUSED_VARIABLE = YES;
				IPHONEOS_DEPLOYMENT_TARGET = 12.1;
				MTL_ENABLE_DEBUG_INFO = INCLUDE_SOURCE;
				MTL_FAST_MATH = YES;
				ONLY_ACTIVE_ARCH = YES;
				SDKROOT = iphoneos;
				SWIFT_ACTIVE_COMPILATION_CONDITIONS = DEBUG;
				SWIFT_OPTIMIZATION_LEVEL = "-Onone";
			};
			name = Debug;
		};
		928ECBDC22969DD400845254 /* Release */ = {
			isa = XCBuildConfiguration;
			buildSettings = {
				ALWAYS_SEARCH_USER_PATHS = NO;
				CLANG_ANALYZER_NONNULL = YES;
				CLANG_ANALYZER_NUMBER_OBJECT_CONVERSION = YES_AGGRESSIVE;
				CLANG_CXX_LANGUAGE_STANDARD = "gnu++14";
				CLANG_CXX_LIBRARY = "libc++";
				CLANG_ENABLE_MODULES = YES;
				CLANG_ENABLE_OBJC_ARC = YES;
				CLANG_ENABLE_OBJC_WEAK = YES;
				CLANG_WARN_BLOCK_CAPTURE_AUTORELEASING = YES;
				CLANG_WARN_BOOL_CONVERSION = YES;
				CLANG_WARN_COMMA = YES;
				CLANG_WARN_CONSTANT_CONVERSION = YES;
				CLANG_WARN_DEPRECATED_OBJC_IMPLEMENTATIONS = YES;
				CLANG_WARN_DIRECT_OBJC_ISA_USAGE = YES_ERROR;
				CLANG_WARN_DOCUMENTATION_COMMENTS = YES;
				CLANG_WARN_EMPTY_BODY = YES;
				CLANG_WARN_ENUM_CONVERSION = YES;
				CLANG_WARN_INFINITE_RECURSION = YES;
				CLANG_WARN_INT_CONVERSION = YES;
				CLANG_WARN_NON_LITERAL_NULL_CONVERSION = YES;
				CLANG_WARN_OBJC_IMPLICIT_RETAIN_SELF = YES;
				CLANG_WARN_OBJC_LITERAL_CONVERSION = YES;
				CLANG_WARN_OBJC_ROOT_CLASS = YES_ERROR;
				CLANG_WARN_RANGE_LOOP_ANALYSIS = YES;
				CLANG_WARN_STRICT_PROTOTYPES = YES;
				CLANG_WARN_SUSPICIOUS_MOVE = YES;
				CLANG_WARN_UNGUARDED_AVAILABILITY = YES_AGGRESSIVE;
				CLANG_WARN_UNREACHABLE_CODE = YES;
				CLANG_WARN__DUPLICATE_METHOD_MATCH = YES;
				CODE_SIGN_IDENTITY = "iPhone Developer";
				COPY_PHASE_STRIP = NO;
				DEBUG_INFORMATION_FORMAT = "dwarf-with-dsym";
				ENABLE_NS_ASSERTIONS = NO;
				ENABLE_STRICT_OBJC_MSGSEND = YES;
				GCC_C_LANGUAGE_STANDARD = gnu11;
				GCC_NO_COMMON_BLOCKS = YES;
				GCC_WARN_64_TO_32_BIT_CONVERSION = YES;
				GCC_WARN_ABOUT_RETURN_TYPE = YES_ERROR;
				GCC_WARN_UNDECLARED_SELECTOR = YES;
				GCC_WARN_UNINITIALIZED_AUTOS = YES_AGGRESSIVE;
				GCC_WARN_UNUSED_FUNCTION = YES;
				GCC_WARN_UNUSED_VARIABLE = YES;
				IPHONEOS_DEPLOYMENT_TARGET = 12.1;
				MTL_ENABLE_DEBUG_INFO = NO;
				MTL_FAST_MATH = YES;
				SDKROOT = iphoneos;
				SWIFT_COMPILATION_MODE = wholemodule;
				SWIFT_OPTIMIZATION_LEVEL = "-O";
				VALIDATE_PRODUCT = YES;
			};
			name = Release;
		};
		928ECBDE22969DD400845254 /* Debug */ = {
			isa = XCBuildConfiguration;
			buildSettings = {
				ASSETCATALOG_COMPILER_APPICON_NAME = AppIcon;
				CODE_SIGN_STYLE = Automatic;
				DEVELOPMENT_TEAM = GV3DTF9RH4;
				INFOPLIST_FILE = CropPhotoPicker/Info.plist;
				LD_RUNPATH_SEARCH_PATHS = (
					"$(inherited)",
					"@executable_path/Frameworks",
				);
				PRODUCT_BUNDLE_IDENTIFIER = fss.CropPhotoPicker;
				PRODUCT_NAME = "$(TARGET_NAME)";
				SWIFT_VERSION = 4.2;
				TARGETED_DEVICE_FAMILY = "1,2";
			};
			name = Debug;
		};
		928ECBDF22969DD400845254 /* Release */ = {
			isa = XCBuildConfiguration;
			buildSettings = {
				ASSETCATALOG_COMPILER_APPICON_NAME = AppIcon;
				CODE_SIGN_STYLE = Automatic;
				DEVELOPMENT_TEAM = GV3DTF9RH4;
				INFOPLIST_FILE = CropPhotoPicker/Info.plist;
				LD_RUNPATH_SEARCH_PATHS = (
					"$(inherited)",
					"@executable_path/Frameworks",
				);
				PRODUCT_BUNDLE_IDENTIFIER = fss.CropPhotoPicker;
				PRODUCT_NAME = "$(TARGET_NAME)";
				SWIFT_VERSION = 4.2;
				TARGETED_DEVICE_FAMILY = "1,2";
			};
			name = Release;
		};
/* End XCBuildConfiguration section */

/* Begin XCConfigurationList section */
		928ECBC622969DD300845254 /* Build configuration list for PBXProject "CropPhotoPicker" */ = {
			isa = XCConfigurationList;
			buildConfigurations = (
				928ECBDB22969DD400845254 /* Debug */,
				928ECBDC22969DD400845254 /* Release */,
			);
			defaultConfigurationIsVisible = 0;
			defaultConfigurationName = Release;
		};
		928ECBDD22969DD400845254 /* Build configuration list for PBXNativeTarget "CropPhotoPicker" */ = {
			isa = XCConfigurationList;
			buildConfigurations = (
				928ECBDE22969DD400845254 /* Debug */,
				928ECBDF22969DD400845254 /* Release */,
			);
			defaultConfigurationIsVisible = 0;
			defaultConfigurationName = Release;
		};
/* End XCConfigurationList section */
	};
	rootObject = 928ECBC322969DD300845254 /* Project object */;
}
